
Microsoft Visual Studio Solution File, Format Version 12.00
# Visual Studio Version 17
VisualStudioVersion = 17.0.32014.148
MinimumVisualStudioVersion = 10.0.40219.1
Project("{FAE04EC0-301F-11D3-BF4B-00C04F79EFBC}") = "WeatherApi", "WeatherApi\WeatherApi.csproj", "{25B1F7CC-28D1-41F3-AAB1-DCD48B1D1568}"
EndProject
Global
	GlobalSection(SolutionConfigurationPlatforms) = preSolution
		Debug|Any CPU = Debug|Any CPU
		Release|Any CPU = Release|Any CPU
	EndGlobalSection
	GlobalSection(ProjectConfigurationPlatforms) = postSolution
		{25B1F7CC-28D1-41F3-AAB1-DCD48B1D1568}.Debug|Any CPU.ActiveCfg = Debug|Any CPU
		{25B1F7CC-28D1-41F3-AAB1-DCD48B1D1568}.Debug|Any CPU.Build.0 = Debug|Any CPU
		{25B1F7CC-28D1-41F3-AAB1-DCD48B1D1568}.Release|Any CPU.ActiveCfg = Release|Any CPU
		{25B1F7CC-28D1-41F3-AAB1-DCD48B1D1568}.Release|Any CPU.Build.0 = Release|Any CPU
	EndGlobalSection
	GlobalSection(SolutionProperties) = preSolution
		HideSolutionNode = FALSE
	EndGlobalSection
	GlobalSection(ExtensibilityGlobals) = postSolution
		SolutionGuid = {7352D778-CE8D-4BBC-A617-CACEC7272DEA}
	EndGlobalSection
EndGlobal
